
Microsoft Visual Studio Solution File, Format Version 12.00
# Visual Studio Version 17
VisualStudioVersion = 17.14.36518.9 d17.14
MinimumVisualStudioVersion = 10.0.40219.1
Project("{FAE04EC0-301F-11D3-BF4B-00C04F79EFBC}") = "WebPetThucTap", "WebPetThucTap\WebPetThucTap.csproj", "{ABB3BFB9-4D35-4A79-9E21-06949F5F37CA}"
EndProject
Global
	GlobalSection(SolutionConfigurationPlatforms) = preSolution
		Debug|Any CPU = Debug|Any CPU
		Release|Any CPU = Release|Any CPU
	EndGlobalSection
	GlobalSection(ProjectConfigurationPlatforms) = postSolution
		{ABB3BFB9-4D35-4A79-9E21-06949F5F37CA}.Debug|Any CPU.ActiveCfg = Debug|Any CPU
		{ABB3BFB9-4D35-4A79-9E21-06949F5F37CA}.Debug|Any CPU.Build.0 = Debug|Any CPU
		{ABB3BFB9-4D35-4A79-9E21-06949F5F37CA}.Release|Any CPU.ActiveCfg = Release|Any CPU
		{ABB3BFB9-4D35-4A79-9E21-06949F5F37CA}.Release|Any CPU.Build.0 = Release|Any CPU
	EndGlobalSection
	GlobalSection(SolutionProperties) = preSolution
		HideSolutionNode = FALSE
	EndGlobalSection
	GlobalSection(ExtensibilityGlobals) = postSolution
		SolutionGuid = {D59B2F57-BFBC-4060-A2AA-0CE402043122}
	EndGlobalSection
EndGlobal
