
Microsoft Visual Studio Solution File, Format Version 12.00
# Visual Studio Version 17
VisualStudioVersion = 17.14.37314.3 d17.14
MinimumVisualStudioVersion = 10.0.40219.1
Project("{FAE04EC0-301F-11D3-BF4B-00C04F79EFBC}") = "ZME_CloudPet", "ZME_CloudPet.csproj", "{D744C712-04FF-4F1C-AFE7-2EC0ACF77570}"
EndProject
Global
	GlobalSection(SolutionConfigurationPlatforms) = preSolution
		Debug|Any CPU = Debug|Any CPU
		Release|Any CPU = Release|Any CPU
	EndGlobalSection
	GlobalSection(ProjectConfigurationPlatforms) = postSolution
		{D744C712-04FF-4F1C-AFE7-2EC0ACF77570}.Debug|Any CPU.ActiveCfg = Debug|Any CPU
		{D744C712-04FF-4F1C-AFE7-2EC0ACF77570}.Debug|Any CPU.Build.0 = Debug|Any CPU
		{D744C712-04FF-4F1C-AFE7-2EC0ACF77570}.Release|Any CPU.ActiveCfg = Release|Any CPU
		{D744C712-04FF-4F1C-AFE7-2EC0ACF77570}.Release|Any CPU.Build.0 = Release|Any CPU
	EndGlobalSection
	GlobalSection(SolutionProperties) = preSolution
		HideSolutionNode = FALSE
	EndGlobalSection
	GlobalSection(ExtensibilityGlobals) = postSolution
		SolutionGuid = {1EE43AA3-FC5F-463B-8956-245701374241}
	EndGlobalSection
EndGlobal
